{
  "version": 4,
  "terraform_version": "1.0.8",
  "serial": 19,
  "lineage": "aa0504a2-8f7f-fc57-0ef5-124ffce2fb5d",
  "outputs": {
    "redislabs_config": {
      "value": "{\"cluster\":[{\"hostname\":\"redislabs-9cir.eastus.redisenterprise.cache.azure.net\",\"id\":\"/subscriptions/ef03f41d-d2bd-4691-b3a0-3aff1c6711f7/resourceGroups/redislabs-3Aeg/providers/Microsoft.Cache/redisEnterprise/redislabs-9cir\",\"location\":\"eastus\",\"name\":\"redislabs-9cir\",\"resource_group_name\":\"redislabs-3Aeg\",\"sku_name\":\"Enterprise_E10-2\",\"tags\":null,\"timeouts\":null,\"version\":\"\",\"zones\":[\"1\",\"2\",\"3\"]}],\"database\":[{\"client_protocol\":\"Encrypted\",\"cluster_id\":\"/subscriptions/ef03f41d-d2bd-4691-b3a0-3aff1c6711f7/resourceGroups/redislabs-3Aeg/providers/Microsoft.Cache/redisEnterprise/redislabs-9cir\",\"clustering_policy\":\"EnterpriseCluster\",\"eviction_policy\":\"VolatileLRU\",\"id\":\"/subscriptions/ef03f41d-d2bd-4691-b3a0-3aff1c6711f7/resourceGroups/redislabs-3Aeg/providers/Microsoft.Cache/redisEnterprise/redislabs-9cir/databases/default\",\"module\":[{\"args\":\"\",\"name\":\"RediSearch\",\"version\":\"2.0.6\"}],\"name\":\"default\",\"port\":10000,\"resource_group_name\":\"redislabs-3Aeg\",\"timeouts\":null}]}",
      "type": "string",
      "sensitive": true
    }
  },
  "resources": [
    {
      "mode": "managed",
      "type": "azurerm_private_endpoint",
      "name": "acre",
      "provider": "provider[\"registry.terraform.io/hashicorp/azurerm\"]",
      "instances": [
        {
          "schema_version": 0,
          "attributes": {
            "custom_dns_configs": [
              {
                "fqdn": "redislabs-9cir.eastus.redisenterprise.cache.azure.net",
                "ip_addresses": [
                  "10.0.1.4"
                ]
              }
            ],
            "id": "/subscriptions/ef03f41d-d2bd-4691-b3a0-3aff1c6711f7/resourceGroups/redislabs-3Aeg/providers/Microsoft.Network/privateEndpoints/redislabs-vo1x",
            "location": "eastus",
            "name": "redislabs-vo1x",
            "private_dns_zone_configs": [],
            "private_dns_zone_group": [],
            "private_service_connection": [
              {
                "is_manual_connection": false,
                "name": "redislabs-sc-vo1x",
                "private_connection_resource_id": "/subscriptions/ef03f41d-d2bd-4691-b3a0-3aff1c6711f7/resourceGroups/redislabs-3Aeg/providers/Microsoft.Cache/redisEnterprise/redislabs-9cir",
                "private_ip_address": "10.0.1.4",
                "request_message": "",
                "subresource_names": [
                  "redisEnterprise"
                ]
              }
            ],
            "resource_group_name": "redislabs-3Aeg",
            "subnet_id": "/subscriptions/ef03f41d-d2bd-4691-b3a0-3aff1c6711f7/resourceGroups/redislabs-3Aeg/providers/Microsoft.Network/virtualNetworks/redislabs-6r3b/subnets/redislabs-rvl9",
            "tags": null,
            "timeouts": null
          },
          "sensitive_attributes": [],
          "private": "eyJlMmJmYjczMC1lY2FhLTExZTYtOGY4OC0zNDM2M2JjN2M0YzAiOnsiY3JlYXRlIjozNjAwMDAwMDAwMDAwLCJkZWxldGUiOjM2MDAwMDAwMDAwMDAsInJlYWQiOjMwMDAwMDAwMDAwMCwidXBkYXRlIjozNjAwMDAwMDAwMDAwfX0=",
          "dependencies": [
            "azurerm_redis_enterprise_cluster.redislabs",
            "azurerm_resource_group.redislabs",
            "azurerm_subnet.subnet",
            "azurerm_virtual_network.redislabs",
            "random_string.private_link_name",
            "random_string.redis_enterprise_name",
            "random_string.resource_group_name",
            "random_string.subnet_name",
            "random_string.vnet_name"
          ]
        }
      ]
    },
    {
      "mode": "managed",
      "type": "azurerm_redis_enterprise_cluster",
      "name": "redislabs",
      "provider": "provider[\"registry.terraform.io/hashicorp/azurerm\"]",
      "instances": [
        {
          "schema_version": 0,
          "attributes": {
            "hostname": "redislabs-9cir.eastus.redisenterprise.cache.azure.net",
            "id": "/subscriptions/ef03f41d-d2bd-4691-b3a0-3aff1c6711f7/resourceGroups/redislabs-3Aeg/providers/Microsoft.Cache/redisEnterprise/redislabs-9cir",
            "location": "eastus",
            "name": "redislabs-9cir",
            "resource_group_name": "redislabs-3Aeg",
            "sku_name": "Enterprise_E10-2",
            "tags": null,
            "timeouts": null,
            "version": "",
            "zones": [
              "1",
              "2",
              "3"
            ]
          },
          "sensitive_attributes": [],
          "private": "eyJlMmJmYjczMC1lY2FhLTExZTYtOGY4OC0zNDM2M2JjN2M0YzAiOnsiY3JlYXRlIjoxODAwMDAwMDAwMDAwLCJkZWxldGUiOjE4MDAwMDAwMDAwMDAsInJlYWQiOjMwMDAwMDAwMDAwMH19",
          "dependencies": [
            "azurerm_resource_group.redislabs",
            "random_string.redis_enterprise_name",
            "random_string.resource_group_name"
          ]
        }
      ]
    },
    {
      "mode": "managed",
      "type": "azurerm_redis_enterprise_database",
      "name": "redislabs",
      "provider": "provider[\"registry.terraform.io/hashicorp/azurerm\"]",
      "instances": [
        {
          "schema_version": 0,
          "attributes": {
            "client_protocol": "Encrypted",
            "cluster_id": "/subscriptions/ef03f41d-d2bd-4691-b3a0-3aff1c6711f7/resourceGroups/redislabs-3Aeg/providers/Microsoft.Cache/redisEnterprise/redislabs-9cir",
            "clustering_policy": "EnterpriseCluster",
            "eviction_policy": "VolatileLRU",
            "id": "/subscriptions/ef03f41d-d2bd-4691-b3a0-3aff1c6711f7/resourceGroups/redislabs-3Aeg/providers/Microsoft.Cache/redisEnterprise/redislabs-9cir/databases/default",
            "module": [
              {
                "args": "",
                "name": "RediSearch",
                "version": "2.0.6"
              }
            ],
            "name": "default",
            "port": 10000,
            "resource_group_name": "redislabs-3Aeg",
            "timeouts": null
          },
          "sensitive_attributes": [],
          "private": "eyJlMmJmYjczMC1lY2FhLTExZTYtOGY4OC0zNDM2M2JjN2M0YzAiOnsiY3JlYXRlIjoxODAwMDAwMDAwMDAwLCJkZWxldGUiOjE4MDAwMDAwMDAwMDAsInJlYWQiOjMwMDAwMDAwMDAwMH19",
          "dependencies": [
            "azurerm_redis_enterprise_cluster.redislabs",
            "azurerm_resource_group.redislabs",
            "random_string.redis_enterprise_name",
            "random_string.resource_group_name"
          ]
        }
      ]
    },
    {
      "mode": "managed",
      "type": "azurerm_resource_group",
      "name": "redislabs",
      "provider": "provider[\"registry.terraform.io/hashicorp/azurerm\"]",
      "instances": [
        {
          "schema_version": 0,
          "attributes": {
            "id": "/subscriptions/ef03f41d-d2bd-4691-b3a0-3aff1c6711f7/resourceGroups/redislabs-3Aeg",
            "location": "eastus",
            "name": "redislabs-3Aeg",
            "tags": {
              "name": "redislabs"
            },
            "timeouts": null
          },
          "sensitive_attributes": [],
          "private": "eyJlMmJmYjczMC1lY2FhLTExZTYtOGY4OC0zNDM2M2JjN2M0YzAiOnsiY3JlYXRlIjo1NDAwMDAwMDAwMDAwLCJkZWxldGUiOjU0MDAwMDAwMDAwMDAsInJlYWQiOjMwMDAwMDAwMDAwMCwidXBkYXRlIjo1NDAwMDAwMDAwMDAwfX0=",
          "dependencies": [
            "random_string.resource_group_name"
          ]
        }
      ]
    },
    {
      "mode": "managed",
      "type": "azurerm_storage_account",
      "name": "redislabs",
      "provider": "provider[\"registry.terraform.io/hashicorp/azurerm\"]",
      "instances": [
        {
          "schema_version": 2,
          "attributes": {
            "access_tier": "Hot",
            "account_kind": "StorageV2",
            "account_replication_type": "LRS",
            "account_tier": "Standard",
            "allow_blob_public_access": false,
            "blob_properties": [],
            "custom_domain": [],
            "enable_https_traffic_only": true,
            "id": "/subscriptions/ef03f41d-d2bd-4691-b3a0-3aff1c6711f7/resourceGroups/redislabs-3Aeg/providers/Microsoft.Storage/storageAccounts/redislabsqwry",
            "identity": [],
            "is_hns_enabled": false,
            "large_file_share_enabled": null,
            "location": "eastus",
            "min_tls_version": "TLS1_0",
            "name": "redislabsqwry",
            "network_rules": [
              {
                "bypass": [
                  "AzureServices"
                ],
                "default_action": "Allow",
                "ip_rules": [],
                "virtual_network_subnet_ids": []
              }
            ],
            "primary_access_key": "A5TAuDNJqF1vDmi5AVcI+viliSXJImIVQvoadyTB4Th+bMeE5O5hGWw35Q5JPRQboQMvBtJ+9zfBJaB3onajQg==",
            "primary_blob_connection_string": "DefaultEndpointsProtocol=https;BlobEndpoint=https://redislabsqwry.blob.core.windows.net/;AccountName=redislabsqwry;AccountKey=A5TAuDNJqF1vDmi5AVcI+viliSXJImIVQvoadyTB4Th+bMeE5O5hGWw35Q5JPRQboQMvBtJ+9zfBJaB3onajQg==",
            "primary_blob_endpoint": "https://redislabsqwry.blob.core.windows.net/",
            "primary_blob_host": "redislabsqwry.blob.core.windows.net",
            "primary_connection_string": "DefaultEndpointsProtocol=https;AccountName=redislabsqwry;AccountKey=A5TAuDNJqF1vDmi5AVcI+viliSXJImIVQvoadyTB4Th+bMeE5O5hGWw35Q5JPRQboQMvBtJ+9zfBJaB3onajQg==;EndpointSuffix=core.windows.net",
            "primary_dfs_endpoint": "https://redislabsqwry.dfs.core.windows.net/",
            "primary_dfs_host": "redislabsqwry.dfs.core.windows.net",
            "primary_file_endpoint": "https://redislabsqwry.file.core.windows.net/",
            "primary_file_host": "redislabsqwry.file.core.windows.net",
            "primary_location": "eastus",
            "primary_queue_endpoint": "https://redislabsqwry.queue.core.windows.net/",
            "primary_queue_host": "redislabsqwry.queue.core.windows.net",
            "primary_table_endpoint": "https://redislabsqwry.table.core.windows.net/",
            "primary_table_host": "redislabsqwry.table.core.windows.net",
            "primary_web_endpoint": "https://redislabsqwry.z13.web.core.windows.net/",
            "primary_web_host": "redislabsqwry.z13.web.core.windows.net",
            "queue_properties": [
              {
                "cors_rule": [],
                "hour_metrics": [
                  {
                    "enabled": true,
                    "include_apis": true,
                    "retention_policy_days": 7,
                    "version": "1.0"
                  }
                ],
                "logging": [
                  {
                    "delete": false,
                    "read": false,
                    "retention_policy_days": 0,
                    "version": "1.0",
                    "write": false
                  }
                ],
                "minute_metrics": [
                  {
                    "enabled": false,
                    "include_apis": false,
                    "retention_policy_days": 0,
                    "version": "1.0"
                  }
                ]
              }
            ],
            "resource_group_name": "redislabs-3Aeg",
            "secondary_access_key": "OSHRnkNtk2eUnu5cZjZdhQ6hb0j3ZLVioSk/7Kxssg6sx5EojQo8FarH9rQx+MIltylT3cCjsWYBQMMcnq87Sw==",
            "secondary_blob_connection_string": "",
            "secondary_blob_endpoint": null,
            "secondary_blob_host": null,
            "secondary_connection_string": "DefaultEndpointsProtocol=https;AccountName=redislabsqwry;AccountKey=OSHRnkNtk2eUnu5cZjZdhQ6hb0j3ZLVioSk/7Kxssg6sx5EojQo8FarH9rQx+MIltylT3cCjsWYBQMMcnq87Sw==;EndpointSuffix=core.windows.net",
            "secondary_dfs_endpoint": null,
            "secondary_dfs_host": null,
            "secondary_file_endpoint": null,
            "secondary_file_host": null,
            "secondary_location": "",
            "secondary_queue_endpoint": null,
            "secondary_queue_host": null,
            "secondary_table_endpoint": null,
            "secondary_table_host": null,
            "secondary_web_endpoint": null,
            "secondary_web_host": null,
            "static_website": [],
            "tags": null,
            "timeouts": null
          },
          "sensitive_attributes": [],
          "private": "eyJlMmJmYjczMC1lY2FhLTExZTYtOGY4OC0zNDM2M2JjN2M0YzAiOnsiY3JlYXRlIjozNjAwMDAwMDAwMDAwLCJkZWxldGUiOjM2MDAwMDAwMDAwMDAsInJlYWQiOjMwMDAwMDAwMDAwMCwidXBkYXRlIjozNjAwMDAwMDAwMDAwfSwic2NoZW1hX3ZlcnNpb24iOiIyIn0=",
          "dependencies": [
            "azurerm_resource_group.redislabs",
            "random_string.resource_group_name",
            "random_string.storage_account_name"
          ]
        }
      ]
    },
    {
      "mode": "managed",
      "type": "azurerm_storage_container",
      "name": "redislabs",
      "provider": "provider[\"registry.terraform.io/hashicorp/azurerm\"]",
      "instances": [
        {
          "schema_version": 1,
          "attributes": {
            "container_access_type": "private",
            "has_immutability_policy": false,
            "has_legal_hold": false,
            "id": "https://redislabsqwry.blob.core.windows.net/qwryxywe",
            "metadata": {},
            "name": "qwryxywe",
            "resource_manager_id": "/subscriptions/ef03f41d-d2bd-4691-b3a0-3aff1c6711f7/resourceGroups/redislabs-3Aeg/providers/Microsoft.Storage/storageAccounts/redislabsqwry/blobServices/default/containers/qwryxywe",
            "storage_account_name": "redislabsqwry",
            "timeouts": null
          },
          "sensitive_attributes": [],
          "private": "eyJlMmJmYjczMC1lY2FhLTExZTYtOGY4OC0zNDM2M2JjN2M0YzAiOnsiY3JlYXRlIjoxODAwMDAwMDAwMDAwLCJkZWxldGUiOjE4MDAwMDAwMDAwMDAsInJlYWQiOjMwMDAwMDAwMDAwMCwidXBkYXRlIjoxODAwMDAwMDAwMDAwfSwic2NoZW1hX3ZlcnNpb24iOiIxIn0=",
          "dependencies": [
            "azurerm_resource_group.redislabs",
            "azurerm_storage_account.redislabs",
            "random_string.resource_group_name",
            "random_string.storage_account_name",
            "random_string.storage_container_name"
          ]
        }
      ]
    },
    {
      "mode": "managed",
      "type": "azurerm_subnet",
      "name": "subnet",
      "provider": "provider[\"registry.terraform.io/hashicorp/azurerm\"]",
      "instances": [
        {
          "schema_version": 0,
          "attributes": {
            "address_prefix": "10.0.1.0/24",
            "address_prefixes": [
              "10.0.1.0/24"
            ],
            "delegation": [],
            "enforce_private_link_endpoint_network_policies": true,
            "enforce_private_link_service_network_policies": false,
            "id": "/subscriptions/ef03f41d-d2bd-4691-b3a0-3aff1c6711f7/resourceGroups/redislabs-3Aeg/providers/Microsoft.Network/virtualNetworks/redislabs-6r3b/subnets/redislabs-rvl9",
            "name": "redislabs-rvl9",
            "resource_group_name": "redislabs-3Aeg",
            "service_endpoint_policy_ids": null,
            "service_endpoints": null,
            "timeouts": null,
            "virtual_network_name": "redislabs-6r3b"
          },
          "sensitive_attributes": [],
          "private": "eyJlMmJmYjczMC1lY2FhLTExZTYtOGY4OC0zNDM2M2JjN2M0YzAiOnsiY3JlYXRlIjoxODAwMDAwMDAwMDAwLCJkZWxldGUiOjE4MDAwMDAwMDAwMDAsInJlYWQiOjMwMDAwMDAwMDAwMCwidXBkYXRlIjoxODAwMDAwMDAwMDAwfX0=",
          "dependencies": [
            "azurerm_resource_group.redislabs",
            "azurerm_virtual_network.redislabs",
            "random_string.resource_group_name",
            "random_string.subnet_name",
            "random_string.vnet_name"
          ]
        }
      ]
    },
    {
      "mode": "managed",
      "type": "azurerm_virtual_network",
      "name": "redislabs",
      "provider": "provider[\"registry.terraform.io/hashicorp/azurerm\"]",
      "instances": [
        {
          "schema_version": 0,
          "attributes": {
            "address_space": [
              "10.0.0.0/16"
            ],
            "bgp_community": "",
            "ddos_protection_plan": [],
            "dns_servers": null,
            "guid": "7cf50b41-a4aa-4370-a874-616353752e44",
            "id": "/subscriptions/ef03f41d-d2bd-4691-b3a0-3aff1c6711f7/resourceGroups/redislabs-3Aeg/providers/Microsoft.Network/virtualNetworks/redislabs-6r3b",
            "location": "eastus",
            "name": "redislabs-6r3b",
            "resource_group_name": "redislabs-3Aeg",
            "subnet": [],
            "tags": null,
            "timeouts": null,
            "vm_protection_enabled": false
          },
          "sensitive_attributes": [],
          "private": "eyJlMmJmYjczMC1lY2FhLTExZTYtOGY4OC0zNDM2M2JjN2M0YzAiOnsiY3JlYXRlIjoxODAwMDAwMDAwMDAwLCJkZWxldGUiOjE4MDAwMDAwMDAwMDAsInJlYWQiOjMwMDAwMDAwMDAwMCwidXBkYXRlIjoxODAwMDAwMDAwMDAwfX0=",
          "dependencies": [
            "azurerm_resource_group.redislabs",
            "random_string.resource_group_name",
            "random_string.vnet_name"
          ]
        }
      ]
    },
    {
      "mode": "managed",
      "type": "random_string",
      "name": "acre_name",
      "provider": "provider[\"registry.terraform.io/hashicorp/random\"]",
      "instances": [
        {
          "schema_version": 1,
          "attributes": {
            "id": "2vfl",
            "keepers": null,
            "length": 4,
            "lower": true,
            "min_lower": 0,
            "min_numeric": 0,
            "min_special": 0,
            "min_upper": 0,
            "number": true,
            "override_special": null,
            "result": "2vfl",
            "special": false,
            "upper": false
          },
          "sensitive_attributes": [],
          "private": "eyJzY2hlbWFfdmVyc2lvbiI6IjEifQ=="
        }
      ]
    },
    {
      "mode": "managed",
      "type": "random_string",
      "name": "nic_name",
      "provider": "provider[\"registry.terraform.io/hashicorp/random\"]",
      "instances": [
        {
          "schema_version": 1,
          "attributes": {
            "id": "cy5h",
            "keepers": null,
            "length": 4,
            "lower": true,
            "min_lower": 0,
            "min_numeric": 0,
            "min_special": 0,
            "min_upper": 0,
            "number": true,
            "override_special": null,
            "result": "cy5h",
            "special": false,
            "upper": false
          },
          "sensitive_attributes": [],
          "private": "eyJzY2hlbWFfdmVyc2lvbiI6IjEifQ=="
        }
      ]
    },
    {
      "mode": "managed",
      "type": "random_string",
      "name": "private_link_name",
      "provider": "provider[\"registry.terraform.io/hashicorp/random\"]",
      "instances": [
        {
          "schema_version": 1,
          "attributes": {
            "id": "vo1x",
            "keepers": null,
            "length": 4,
            "lower": true,
            "min_lower": 0,
            "min_numeric": 0,
            "min_special": 0,
            "min_upper": 0,
            "number": true,
            "override_special": null,
            "result": "vo1x",
            "special": false,
            "upper": false
          },
          "sensitive_attributes": [],
          "private": "eyJzY2hlbWFfdmVyc2lvbiI6IjEifQ=="
        }
      ]
    },
    {
      "mode": "managed",
      "type": "random_string",
      "name": "redis_enterprise_name",
      "provider": "provider[\"registry.terraform.io/hashicorp/random\"]",
      "instances": [
        {
          "schema_version": 1,
          "attributes": {
            "id": "9cir",
            "keepers": null,
            "length": 4,
            "lower": true,
            "min_lower": 0,
            "min_numeric": 0,
            "min_special": 0,
            "min_upper": 0,
            "number": true,
            "override_special": null,
            "result": "9cir",
            "special": false,
            "upper": false
          },
          "sensitive_attributes": [],
          "private": "eyJzY2hlbWFfdmVyc2lvbiI6IjEifQ=="
        }
      ]
    },
    {
      "mode": "managed",
      "type": "random_string",
      "name": "resource_group_name",
      "provider": "provider[\"registry.terraform.io/hashicorp/random\"]",
      "instances": [
        {
          "schema_version": 1,
          "attributes": {
            "id": "3Aeg",
            "keepers": null,
            "length": 4,
            "lower": true,
            "min_lower": 0,
            "min_numeric": 0,
            "min_special": 0,
            "min_upper": 0,
            "number": true,
            "override_special": null,
            "result": "3Aeg",
            "special": false,
            "upper": true
          },
          "sensitive_attributes": [],
          "private": "eyJzY2hlbWFfdmVyc2lvbiI6IjEifQ=="
        }
      ]
    },
    {
      "mode": "managed",
      "type": "random_string",
      "name": "storage_account_name",
      "provider": "provider[\"registry.terraform.io/hashicorp/random\"]",
      "instances": [
        {
          "schema_version": 1,
          "attributes": {
            "id": "qwry",
            "keepers": null,
            "length": 4,
            "lower": true,
            "min_lower": 0,
            "min_numeric": 0,
            "min_special": 0,
            "min_upper": 0,
            "number": false,
            "override_special": null,
            "result": "qwry",
            "special": false,
            "upper": false
          },
          "sensitive_attributes": [],
          "private": "eyJzY2hlbWFfdmVyc2lvbiI6IjEifQ=="
        }
      ]
    },
    {
      "mode": "managed",
      "type": "random_string",
      "name": "storage_container_name",
      "provider": "provider[\"registry.terraform.io/hashicorp/random\"]",
      "instances": [
        {
          "schema_version": 1,
          "attributes": {
            "id": "xywe",
            "keepers": null,
            "length": 4,
            "lower": true,
            "min_lower": 0,
            "min_numeric": 0,
            "min_special": 0,
            "min_upper": 0,
            "number": false,
            "override_special": null,
            "result": "xywe",
            "special": false,
            "upper": false
          },
          "sensitive_attributes": [],
          "private": "eyJzY2hlbWFfdmVyc2lvbiI6IjEifQ=="
        }
      ]
    },
    {
      "mode": "managed",
      "type": "random_string",
      "name": "subnet_name",
      "provider": "provider[\"registry.terraform.io/hashicorp/random\"]",
      "instances": [
        {
          "schema_version": 1,
          "attributes": {
            "id": "rvl9",
            "keepers": null,
            "length": 4,
            "lower": true,
            "min_lower": 0,
            "min_numeric": 0,
            "min_special": 0,
            "min_upper": 0,
            "number": true,
            "override_special": null,
            "result": "rvl9",
            "special": false,
            "upper": false
          },
          "sensitive_attributes": [],
          "private": "eyJzY2hlbWFfdmVyc2lvbiI6IjEifQ=="
        }
      ]
    },
    {
      "mode": "managed",
      "type": "random_string",
      "name": "vm_name",
      "provider": "provider[\"registry.terraform.io/hashicorp/random\"]",
      "instances": [
        {
          "schema_version": 1,
          "attributes": {
            "id": "x62j",
            "keepers": null,
            "length": 4,
            "lower": true,
            "min_lower": 0,
            "min_numeric": 0,
            "min_special": 0,
            "min_upper": 0,
            "number": true,
            "override_special": null,
            "result": "x62j",
            "special": false,
            "upper": false
          },
          "sensitive_attributes": [],
          "private": "eyJzY2hlbWFfdmVyc2lvbiI6IjEifQ=="
        }
      ]
    },
    {
      "mode": "managed",
      "type": "random_string",
      "name": "vnet_name",
      "provider": "provider[\"registry.terraform.io/hashicorp/random\"]",
      "instances": [
        {
          "schema_version": 1,
          "attributes": {
            "id": "6r3b",
            "keepers": null,
            "length": 4,
            "lower": true,
            "min_lower": 0,
            "min_numeric": 0,
            "min_special": 0,
            "min_upper": 0,
            "number": true,
            "override_special": null,
            "result": "6r3b",
            "special": false,
            "upper": false
          },
          "sensitive_attributes": [],
          "private": "eyJzY2hlbWFfdmVyc2lvbiI6IjEifQ=="
        }
      ]
    }
  ]
}
